<?xml version="1.0" encoding="utf-8"?>
<Project ToolsVersion="4.0" xmlns="http://schemas.microsoft.com/developer/msbuild/2003">
  <ItemGroup>
    <Filter Include="source">
      <UniqueIdentifier>{ab6c4655-0021-4ac6-9499-9c67674e8639}</UniqueIdentifier>
      <Extensions>cpp;c;cxx;def;odl;idl;hpj;bat;asm</Extensions>
    </Filter>
    <Filter Include="include">
      <UniqueIdentifier>{11d15c6a-fa76-484c-ac5b-0ad16e532e22}</UniqueIdentifier>
      <Extensions>h;hpp;hxx;hm;inl;inc</Extensions>
    </Filter>
    <Filter Include="resource">
      <UniqueIdentifier>{c302d678-9ec6-4ecb-b658-749dac108492}</UniqueIdentifier>
      <Extensions>rc;ico;cur;bmp;dlg;rc2;rct;bin;rgs;jpg;jpeg;jpe;png;manifest</Extensions>
    </Filter>
  </ItemGroup>
  <ItemGroup>
    <None Include="..\Resources\CloseSelected.png">
      <Filter>resource</Filter>
    </None>
    <None Include="..\Resources\CloseNormal.png">
      <Filter>resource</Filter>
    </None>
    <None Include="..\Resources\HelloWorld.png">
      <Filter>resource</Filter>
    </None>
    <None Include="res\cocos-jdk.ico">
      <Filter>resource</Filter>
    </None>
  </ItemGroup>
  <ItemGroup>
    <ResourceCompile Include="cocosjvm.rc">
      <Filter>resource</Filter>
    </ResourceCompile>
  </ItemGroup>
  <ItemGroup>
    <ClInclude Include="resource.h">
      <Filter>include</Filter>
    </ClInclude>
    <ClInclude Include="main.h">
      <Filter>include</Filter>
    </ClInclude>
    <ClInclude Include="..\Classes\AppDelegate.h">
      <Filter>include</Filter>
    </ClInclude>
    <ClInclude Include="..\Classes\LocalStorageClass.h">
      <Filter>include</Filter>
    </ClInclude>
    <ClInclude Include="..\Classes\JavaCallFunc.h">
      <Filter>source</Filter>
    </ClInclude>
    <ClInclude Include="..\Classes\JavaComController.h">
      <Filter>source</Filter>
    </ClInclude>
    <ClInclude Include="..\Classes\JavaEngine.h">
      <Filter>source</Filter>
    </ClInclude>
    <ClInclude Include="..\Classes\JavaPhysicsContactListener.h">
      <Filter>source</Filter>
    </ClInclude>
    <ClInclude Include="..\Classes\JavaStorageClass.h">
      <Filter>source</Filter>
    </ClInclude>
    <ClInclude Include="..\Classes\JavaTriggerAction.h">
      <Filter>source</Filter>
    </ClInclude>
    <ClInclude Include="..\Classes\JavaTriggerCondition.h">
      <Filter>source</Filter>
    </ClInclude>
    <ClInclude Include="..\Classes\JavaWebSocketDelegate.h">
      <Filter>source</Filter>
    </ClInclude>
    <ClInclude Include="..\Classes\JavaLayerLoader.h">
      <Filter>include</Filter>
    </ClInclude>
  </ItemGroup>
  <ItemGroup>
    <ClCompile Include="..\Classes\AppDelegate.cpp">
      <Filter>source</Filter>
    </ClCompile>
    <ClCompile Include="..\Classes\JavaCallFunc.cpp">
      <Filter>source</Filter>
    </ClCompile>
    <ClCompile Include="..\Classes\JavaComController.cpp">
      <Filter>source</Filter>
    </ClCompile>
    <ClCompile Include="..\Classes\JavaEngine.cpp">
      <Filter>source</Filter>
    </ClCompile>
    <ClCompile Include="..\Classes\JavaEngineJNI.cpp">
      <Filter>source</Filter>
    </ClCompile>
    <ClCompile Include="..\Classes\JavaPhysicsContactListener.cpp">
      <Filter>source</Filter>
    </ClCompile>
    <ClCompile Include="..\Classes\JavaStorageClass.cpp">
      <Filter>source</Filter>
    </ClCompile>
    <ClCompile Include="..\Classes\JavaTriggerAction.cpp">
      <Filter>source</Filter>
    </ClCompile>
    <ClCompile Include="..\Classes\JavaTriggerCondition.cpp">
      <Filter>source</Filter>
    </ClCompile>
    <ClCompile Include="..\Classes\JavaWebSocketDelegate.cpp">
      <Filter>source</Filter>
    </ClCompile>
    <ClCompile Include="..\Classes\JavaLayerLoader.cpp">
      <Filter>source</Filter>
    </ClCompile>
    <ClCompile Include="main.cpp">
      <Filter>source</Filter>
    </ClCompile>
  </ItemGroup>
</Project>